
Microsoft Visual Studio Solution File, Format Version 12.00
# Visual Studio 14
VisualStudioVersion = 14.0.24720.0
MinimumVisualStudioVersion = 10.0.40219.1
Project("{FAE04EC0-301F-11D3-BF4B-00C04F79EFBC}") = "TeachMeNow.DeveloperTest.BackEnd", "TeachMeNow.DeveloperTest.BackEnd\TeachMeNow.DeveloperTest.BackEnd.csproj", "{B5C0107B-6652-47B0-842D-0664FBF8BACB}"
EndProject
Global
	GlobalSection(SolutionConfigurationPlatforms) = preSolution
		Debug|Any CPU = Debug|Any CPU
		Release|Any CPU = Release|Any CPU
	EndGlobalSection
	GlobalSection(ProjectConfigurationPlatforms) = postSolution
		{B5C0107B-6652-47B0-842D-0664FBF8BACB}.Debug|Any CPU.ActiveCfg = Debug|Any CPU
		{B5C0107B-6652-47B0-842D-0664FBF8BACB}.Debug|Any CPU.Build.0 = Debug|Any CPU
		{B5C0107B-6652-47B0-842D-0664FBF8BACB}.Release|Any CPU.ActiveCfg = Release|Any CPU
		{B5C0107B-6652-47B0-842D-0664FBF8BACB}.Release|Any CPU.Build.0 = Release|Any CPU
	EndGlobalSection
	GlobalSection(SolutionProperties) = preSolution
		HideSolutionNode = FALSE
	EndGlobalSection
EndGlobal
